<?xml version="1.0" encoding="utf-8"?>
<Project ToolsVersion="4.0" xmlns="http://schemas.microsoft.com/developer/msbuild/2003">
  <ItemGroup>
    <Filter Include="Source Files">
      <UniqueIdentifier>{4FC737F1-C7A5-4376-A066-2A32D752A2FF}</UniqueIdentifier>
      <Extensions>cpp;c;cc;cxx;def;odl;idl;hpj;bat;asm;asmx</Extensions>
    </Filter>
    <Filter Include="Header Files">
      <UniqueIdentifier>{93995380-89BD-4b04-88EB-625FBE52EBFB}</UniqueIdentifier>
      <Extensions>h;hh;hpp;hxx;hm;inl;inc;xsd</Extensions>
    </Filter>
    <Filter Include="Resource Files">
      <UniqueIdentifier>{67DA6AB6-F800-4c08-8B7A-83BB121AAD01}</UniqueIdentifier>
      <Extensions>rc;ico;cur;bmp;dlg;rc2;rct;bin;rgs;gif;jpg;jpeg;jpe;resx;tiff;tif;png;wav;mfcribbon-ms</Extensions>
    </Filter>
    <Filter Include="WorkbenchLib">
      <UniqueIdentifier>{6ae49768-21af-4efd-a6ae-aa2c80572ee9}</UniqueIdentifier>
    </Filter>
  </ItemGroup>
  <ItemGroup>
    <ClInclude Include="stdafx.h">
      <Filter>Header Files</Filter>
    </ClInclude>
    <ClInclude Include="targetver.h">
      <Filter>Header Files</Filter>
    </ClInclude>
    <ClInclude Include="Resource.h">
      <Filter>Header Files</Filter>
    </ClInclude>
    <ClInclude Include="..\WorkbenchLib\Instrumentation.h">
      <Filter>WorkbenchLib</Filter>
    </ClInclude>
    <ClInclude Include="..\WorkbenchLib\colors.h">
      <Filter>WorkbenchLib</Filter>
    </ClInclude>
    <ClInclude Include="..\WorkbenchLib\Bitmap.h">
      <Filter>WorkbenchLib</Filter>
    </ClInclude>
    <ClInclude Include="DataEntry.h">
      <Filter>Header Files</Filter>
    </ClInclude>
    <ClInclude Include="..\WorkbenchLib\FILE_SEL.H">
      <Filter>WorkbenchLib</Filter>
    </ClInclude>
    <ClInclude Include="..\WorkbenchLib\Knob.h">
      <Filter>WorkbenchLib</Filter>
    </ClInclude>
    <ClInclude Include="..\WorkbenchLib\mc_string.h">
      <Filter>WorkbenchLib</Filter>
    </ClInclude>
    <ClInclude Include="..\WorkbenchLib\DialogMacrosLite.h">
      <Filter>WorkbenchLib</Filter>
    </ClInclude>
    <ClInclude Include="OutputDlg.h">
      <Filter>Header Files</Filter>
    </ClInclude>
    <ClInclude Include="MoneroManager.h">
      <Filter>Header Files</Filter>
    </ClInclude>
    <ClInclude Include="MoneroManagerDlg.h">
      <Filter>Header Files</Filter>
    </ClInclude>
  </ItemGroup>
  <ItemGroup>
    <ClCompile Include="stdafx.cpp">
      <Filter>Source Files</Filter>
    </ClCompile>
    <ClCompile Include="..\WorkbenchLib\Knob.cpp">
      <Filter>WorkbenchLib</Filter>
    </ClCompile>
    <ClCompile Include="..\WorkbenchLib\Instrumentation.cpp">
      <Filter>WorkbenchLib</Filter>
    </ClCompile>
    <ClCompile Include="DataEntry.cpp">
      <Filter>Source Files</Filter>
    </ClCompile>
    <ClCompile Include="..\WorkbenchLib\MC_STRING.cpp">
      <Filter>WorkbenchLib</Filter>
    </ClCompile>
    <ClCompile Include="..\WorkbenchLib\FILE_SEL.CPP">
      <Filter>WorkbenchLib</Filter>
    </ClCompile>
    <ClCompile Include="OutputDlg.cpp">
      <Filter>Source Files</Filter>
    </ClCompile>
    <ClCompile Include="MoneroManager.cpp">
      <Filter>Source Files</Filter>
    </ClCompile>
    <ClCompile Include="MoneroManagerDlg.cpp">
      <Filter>Source Files</Filter>
    </ClCompile>
  </ItemGroup>
  <ItemGroup>
    <Image Include="res\MoneroManager.ico">
      <Filter>Resource Files</Filter>
    </Image>
  </ItemGroup>
  <ItemGroup>
    <ResourceCompile Include="MoneroManager.rc">
      <Filter>Resource Files</Filter>
    </ResourceCompile>
  </ItemGroup>
  <ItemGroup>
    <None Include="res\MoneroManager.rc2">
      <Filter>Resource Files</Filter>
    </None>
  </ItemGroup>
</Project>